// !$*UTF8*$!
{
	archiveVersion = 1;
	classes = {
	};
	objectVersion = 55;
	objects = {

/* Begin PBXBuildFile section */
		2CC404CF275D507F003FFD09 /* PomodoroApp.swift in Sources */ = {isa = PBXBuildFile; fileRef = 2CC404BF275D5077003FFD09 /* PomodoroApp.swift */; };
		2CC404D0275D507F003FFD09 /* PomodoroApp.swift in Sources */ = {isa = PBXBuildFile; fileRef = 2CC404BF275D5077003FFD09 /* PomodoroApp.swift */; };
		2CC404D1275D507F003FFD09 /* ContentView.swift in Sources */ = {isa = PBXBuildFile; fileRef = 2CC404C0275D5077003FFD09 /* ContentView.swift */; };
		2CC404D2275D507F003FFD09 /* ContentView.swift in Sources */ = {isa = PBXBuildFile; fileRef = 2CC404C0275D5077003FFD09 /* ContentView.swift */; };
		2CC404D3275D507F003FFD09 /* Assets.xcassets in Resources */ = {isa = PBXBuildFile; fileRef = 2CC404C1275D507E003FFD09 /* Assets.xcassets */; };
		2CC404D4275D507F003FFD09 /* Assets.xcassets in Resources */ = {isa = PBXBuildFile; fileRef = 2CC404C1275D507E003FFD09 /* Assets.xcassets */; };
		2CC404E8275D512A003FFD09 /* Pomodoro WatchKit Extension.appex in Embed App Extensions */ = {isa = PBXBuildFile; fileRef = 2CC404E7275D512A003FFD09 /* Pomodoro WatchKit Extension.appex */; settings = {ATTRIBUTES = (RemoveHeadersOnCopy, ); }; };
		2CC404F1275D512A003FFD09 /* NotificationController.swift in Sources */ = {isa = PBXBuildFile; fileRef = 2CC404F0275D512A003FFD09 /* NotificationController.swift */; };
		2CC404F3275D512A003FFD09 /* NotificationView.swift in Sources */ = {isa = PBXBuildFile; fileRef = 2CC404F2275D512A003FFD09 /* NotificationView.swift */; };
		2CC404F5275D512A003FFD09 /* ComplicationController.swift in Sources */ = {isa = PBXBuildFile; fileRef = 2CC404F4275D512A003FFD09 /* ComplicationController.swift */; };
		2CC404F7275D5131003FFD09 /* Assets.xcassets in Resources */ = {isa = PBXBuildFile; fileRef = 2CC404F6275D5131003FFD09 /* Assets.xcassets */; };
		2CC404FA275D5131003FFD09 /* Preview Assets.xcassets in Resources */ = {isa = PBXBuildFile; fileRef = 2CC404F9275D5131003FFD09 /* Preview Assets.xcassets */; };
		2CC404FF275D5131003FFD09 /* Pomodoro.app in Embed Watch Content */ = {isa = PBXBuildFile; fileRef = 2CC404DF275D5121003FFD09 /* Pomodoro.app */; settings = {ATTRIBUTES = (RemoveHeadersOnCopy, ); }; };
		2CC40509275D5202003FFD09 /* Assets.xcassets in Resources */ = {isa = PBXBuildFile; fileRef = 2CC404C1275D507E003FFD09 /* Assets.xcassets */; };
		2CC4050A275D5464003FFD09 /* PomodoroApp.swift in Sources */ = {isa = PBXBuildFile; fileRef = 2CC404BF275D5077003FFD09 /* PomodoroApp.swift */; };
		2CC4050B275D5475003FFD09 /* ContentView.swift in Sources */ = {isa = PBXBuildFile; fileRef = 2CC404C0275D5077003FFD09 /* ContentView.swift */; };
		2CDAA592275EB1D9006EA58C /* Chronos.swift in Sources */ = {isa = PBXBuildFile; fileRef = 2CDAA591275EB1D9006EA58C /* Chronos.swift */; };
		2CDAA593275EB1D9006EA58C /* Chronos.swift in Sources */ = {isa = PBXBuildFile; fileRef = 2CDAA591275EB1D9006EA58C /* Chronos.swift */; };
/* End PBXBuildFile section */

/* Begin PBXContainerItemProxy section */
		2CC404E9275D512A003FFD09 /* PBXContainerItemProxy */ = {
			isa = PBXContainerItemProxy;
			containerPortal = 2CC404BA275D5076003FFD09 /* Project object */;
			proxyType = 1;
			remoteGlobalIDString = 2CC404E6275D512A003FFD09;
			remoteInfo = "Pomodoro WatchKit Extension";
		};
		2CC404FD275D5131003FFD09 /* PBXContainerItemProxy */ = {
			isa = PBXContainerItemProxy;
			containerPortal = 2CC404BA275D5076003FFD09 /* Project object */;
			proxyType = 1;
			remoteGlobalIDString = 2CC404DE275D5121003FFD09;
			remoteInfo = Pomodoro;
		};
/* End PBXContainerItemProxy section */

/* Begin PBXCopyFilesBuildPhase section */
		2CC40503275D5131003FFD09 /* Embed App Extensions */ = {
			isa = PBXCopyFilesBuildPhase;
			buildActionMask = 2147483647;
			dstPath = "";
			dstSubfolderSpec = 13;
			files = (
				2CC404E8275D512A003FFD09 /* Pomodoro WatchKit Extension.appex in Embed App Extensions */,
			);
			name = "Embed App Extensions";
			runOnlyForDeploymentPostprocessing = 0;
		};
		2CC40507275D5131003FFD09 /* Embed Watch Content */ = {
			isa = PBXCopyFilesBuildPhase;
			buildActionMask = 2147483647;
			dstPath = "$(CONTENTS_FOLDER_PATH)/Watch";
			dstSubfolderSpec = 16;
			files = (
				2CC404FF275D5131003FFD09 /* Pomodoro.app in Embed Watch Content */,
			);
			name = "Embed Watch Content";
			runOnlyForDeploymentPostprocessing = 0;
		};
/* End PBXCopyFilesBuildPhase section */

/* Begin PBXFileReference section */
		2CC404BF275D5077003FFD09 /* PomodoroApp.swift */ = {isa = PBXFileReference; lastKnownFileType = sourcecode.swift; path = PomodoroApp.swift; sourceTree = "<group>"; };
		2CC404C0275D5077003FFD09 /* ContentView.swift */ = {isa = PBXFileReference; lastKnownFileType = sourcecode.swift; path = ContentView.swift; sourceTree = "<group>"; };
		2CC404C1275D507E003FFD09 /* Assets.xcassets */ = {isa = PBXFileReference; lastKnownFileType = folder.assetcatalog; path = Assets.xcassets; sourceTree = "<group>"; };
		2CC404C6275D507E003FFD09 /* Pomodoro.app */ = {isa = PBXFileReference; explicitFileType = wrapper.application; includeInIndex = 0; path = Pomodoro.app; sourceTree = BUILT_PRODUCTS_DIR; };
		2CC404CC275D507F003FFD09 /* Pomodoro.app */ = {isa = PBXFileReference; explicitFileType = wrapper.application; includeInIndex = 0; path = Pomodoro.app; sourceTree = BUILT_PRODUCTS_DIR; };
		2CC404CE275D507F003FFD09 /* macOS.entitlements */ = {isa = PBXFileReference; lastKnownFileType = text.plist.entitlements; path = macOS.entitlements; sourceTree = "<group>"; };
		2CC404DF275D5121003FFD09 /* Pomodoro.app */ = {isa = PBXFileReference; explicitFileType = wrapper.application; includeInIndex = 0; path = Pomodoro.app; sourceTree = BUILT_PRODUCTS_DIR; };
		2CC404E7275D512A003FFD09 /* Pomodoro WatchKit Extension.appex */ = {isa = PBXFileReference; explicitFileType = "wrapper.app-extension"; includeInIndex = 0; path = "Pomodoro WatchKit Extension.appex"; sourceTree = BUILT_PRODUCTS_DIR; };
		2CC404F0275D512A003FFD09 /* NotificationController.swift */ = {isa = PBXFileReference; lastKnownFileType = sourcecode.swift; path = NotificationController.swift; sourceTree = "<group>"; };
		2CC404F2275D512A003FFD09 /* NotificationView.swift */ = {isa = PBXFileReference; lastKnownFileType = sourcecode.swift; path = NotificationView.swift; sourceTree = "<group>"; };
		2CC404F4275D512A003FFD09 /* ComplicationController.swift */ = {isa = PBXFileReference; lastKnownFileType = sourcecode.swift; path = ComplicationController.swift; sourceTree = "<group>"; };
		2CC404F6275D5131003FFD09 /* Assets.xcassets */ = {isa = PBXFileReference; lastKnownFileType = folder.assetcatalog; path = Assets.xcassets; sourceTree = "<group>"; };
		2CC404F9275D5131003FFD09 /* Preview Assets.xcassets */ = {isa = PBXFileReference; lastKnownFileType = folder.assetcatalog; path = "Preview Assets.xcassets"; sourceTree = "<group>"; };
		2CC404FB275D5131003FFD09 /* Info.plist */ = {isa = PBXFileReference; lastKnownFileType = text.plist.xml; path = Info.plist; sourceTree = "<group>"; };
		2CC404FC275D5131003FFD09 /* PushNotificationPayload.apns */ = {isa = PBXFileReference; lastKnownFileType = text; path = PushNotificationPayload.apns; sourceTree = "<group>"; };
		2CDAA591275EB1D9006EA58C /* Chronos.swift */ = {isa = PBXFileReference; lastKnownFileType = sourcecode.swift; path = Chronos.swift; sourceTree = "<group>"; };
/* End PBXFileReference section */

/* Begin PBXFrameworksBuildPhase section */
		2CC404C3275D507E003FFD09 /* Frameworks */ = {
			isa = PBXFrameworksBuildPhase;
			buildActionMask = 2147483647;
			files = (
			);
			runOnlyForDeploymentPostprocessing = 0;
		};
		2CC404C9275D507F003FFD09 /* Frameworks */ = {
			isa = PBXFrameworksBuildPhase;
			buildActionMask = 2147483647;
			files = (
			);
			runOnlyForDeploymentPostprocessing = 0;
		};
		2CC404E4275D512A003FFD09 /* Frameworks */ = {
			isa = PBXFrameworksBuildPhase;
			buildActionMask = 2147483647;
			files = (
			);
			runOnlyForDeploymentPostprocessing = 0;
		};
/* End PBXFrameworksBuildPhase section */

/* Begin PBXGroup section */
		2CC404B9275D5076003FFD09 = {
			isa = PBXGroup;
			children = (
				2CC404C7275D507E003FFD09 /* Products */,
				2CC404BE275D5077003FFD09 /* Shared */,
				2CC4050C275D54C6003FFD09 /* Targets */,
			);
			sourceTree = "<group>";
		};
		2CC404BE275D5077003FFD09 /* Shared */ = {
			isa = PBXGroup;
			children = (
				2CC404C0275D5077003FFD09 /* ContentView.swift */,
				2CC404BF275D5077003FFD09 /* PomodoroApp.swift */,
				2CC404C1275D507E003FFD09 /* Assets.xcassets */,
				2CDAA58F275EB143006EA58C /* Models */,
				2CC404F8275D5131003FFD09 /* Preview Content */,
			);
			path = Shared;
			sourceTree = "<group>";
		};
		2CC404C7275D507E003FFD09 /* Products */ = {
			isa = PBXGroup;
			children = (
				2CC404C6275D507E003FFD09 /* Pomodoro.app */,
				2CC404CC275D507F003FFD09 /* Pomodoro.app */,
				2CC404DF275D5121003FFD09 /* Pomodoro.app */,
				2CC404E7275D512A003FFD09 /* Pomodoro WatchKit Extension.appex */,
			);
			name = Products;
			sourceTree = "<group>";
		};
		2CC404CD275D507F003FFD09 /* macOS */ = {
			isa = PBXGroup;
			children = (
				2CC404CE275D507F003FFD09 /* macOS.entitlements */,
			);
			path = macOS;
			sourceTree = "<group>";
		};
		2CC404F8275D5131003FFD09 /* Preview Content */ = {
			isa = PBXGroup;
			children = (
				2CC404F9275D5131003FFD09 /* Preview Assets.xcassets */,
			);
			path = "Preview Content";
			sourceTree = "<group>";
		};
		2CC4050C275D54C6003FFD09 /* Targets */ = {
			isa = PBXGroup;
			children = (
				2CC4050D275D556A003FFD09 /* Extensions */,
				2CC404CD275D507F003FFD09 /* macOS */,
			);
			path = Targets;
			sourceTree = "<group>";
		};
		2CC4050D275D556A003FFD09 /* Extensions */ = {
			isa = PBXGroup;
			children = (
				2CC4050E275D5575003FFD09 /* WatchKit */,
			);
			path = Extensions;
			sourceTree = "<group>";
		};
		2CC4050E275D5575003FFD09 /* WatchKit */ = {
			isa = PBXGroup;
			children = (
				2CC404FC275D5131003FFD09 /* PushNotificationPayload.apns */,
				2CC404FB275D5131003FFD09 /* Info.plist */,
				2CC404F4275D512A003FFD09 /* ComplicationController.swift */,
				2CC404F0275D512A003FFD09 /* NotificationController.swift */,
				2CC404F2275D512A003FFD09 /* NotificationView.swift */,
				2CC404F6275D5131003FFD09 /* Assets.xcassets */,
			);
			path = WatchKit;
			sourceTree = "<group>";
		};
		2CDAA58F275EB143006EA58C /* Models */ = {
			isa = PBXGroup;
			children = (
				2CDAA590275EB14D006EA58C /* ViewModels */,
			);
			path = Models;
			sourceTree = "<group>";
		};
		2CDAA590275EB14D006EA58C /* ViewModels */ = {
			isa = PBXGroup;
			children = (
				2CDAA591275EB1D9006EA58C /* Chronos.swift */,
			);
			path = ViewModels;
			sourceTree = "<group>";
		};
/* End PBXGroup section */

/* Begin PBXNativeTarget section */
		2CC404C5275D507E003FFD09 /* Pomodoro (iOS) */ = {
			isa = PBXNativeTarget;
			buildConfigurationList = 2CC404D7275D507F003FFD09 /* Build configuration list for PBXNativeTarget "Pomodoro (iOS)" */;
			buildPhases = (
				2CC404C2275D507E003FFD09 /* Sources */,
				2CC404C3275D507E003FFD09 /* Frameworks */,
				2CC404C4275D507E003FFD09 /* Resources */,
				2CC40507275D5131003FFD09 /* Embed Watch Content */,
			);
			buildRules = (
			);
			dependencies = (
				2CC404FE275D5131003FFD09 /* PBXTargetDependency */,
			);
			name = "Pomodoro (iOS)";
			productName = "Pomodoro (iOS)";
			productReference = 2CC404C6275D507E003FFD09 /* Pomodoro.app */;
			productType = "com.apple.product-type.application";
		};
		2CC404CB275D507F003FFD09 /* Pomodoro (macOS) */ = {
			isa = PBXNativeTarget;
			buildConfigurationList = 2CC404DA275D507F003FFD09 /* Build configuration list for PBXNativeTarget "Pomodoro (macOS)" */;
			buildPhases = (
				2CC404C8275D507F003FFD09 /* Sources */,
				2CC404C9275D507F003FFD09 /* Frameworks */,
				2CC404CA275D507F003FFD09 /* Resources */,
			);
			buildRules = (
			);
			dependencies = (
			);
			name = "Pomodoro (macOS)";
			productName = "Pomodoro (macOS)";
			productReference = 2CC404CC275D507F003FFD09 /* Pomodoro.app */;
			productType = "com.apple.product-type.application";
		};
		2CC404DE275D5121003FFD09 /* Pomodoro */ = {
			isa = PBXNativeTarget;
			buildConfigurationList = 2CC40504275D5131003FFD09 /* Build configuration list for PBXNativeTarget "Pomodoro" */;
			buildPhases = (
				2CC404DD275D5121003FFD09 /* Resources */,
				2CC40503275D5131003FFD09 /* Embed App Extensions */,
			);
			buildRules = (
			);
			dependencies = (
				2CC404EA275D512A003FFD09 /* PBXTargetDependency */,
			);
			name = Pomodoro;
			productName = Pomodoro;
			productReference = 2CC404DF275D5121003FFD09 /* Pomodoro.app */;
			productType = "com.apple.product-type.application.watchapp2";
		};
		2CC404E6275D512A003FFD09 /* Pomodoro WatchKit Extension */ = {
			isa = PBXNativeTarget;
			buildConfigurationList = 2CC40500275D5131003FFD09 /* Build configuration list for PBXNativeTarget "Pomodoro WatchKit Extension" */;
			buildPhases = (
				2CC404E3275D512A003FFD09 /* Sources */,
				2CC404E4275D512A003FFD09 /* Frameworks */,
				2CC404E5275D512A003FFD09 /* Resources */,
			);
			buildRules = (
			);
			dependencies = (
			);
			name = "Pomodoro WatchKit Extension";
			productName = "Pomodoro WatchKit Extension";
			productReference = 2CC404E7275D512A003FFD09 /* Pomodoro WatchKit Extension.appex */;
			productType = "com.apple.product-type.watchkit2-extension";
		};
/* End PBXNativeTarget section */

/* Begin PBXProject section */
		2CC404BA275D5076003FFD09 /* Project object */ = {
			isa = PBXProject;
			attributes = {
				BuildIndependentTargetsInParallel = 1;
				LastSwiftUpdateCheck = 1310;
				LastUpgradeCheck = 1310;
				TargetAttributes = {
					2CC404C5275D507E003FFD09 = {
						CreatedOnToolsVersion = 13.1;
					};
					2CC404CB275D507F003FFD09 = {
						CreatedOnToolsVersion = 13.1;
					};
					2CC404DE275D5121003FFD09 = {
						CreatedOnToolsVersion = 13.1;
					};
					2CC404E6275D512A003FFD09 = {
						CreatedOnToolsVersion = 13.1;
					};
				};
			};
			buildConfigurationList = 2CC404BD275D5076003FFD09 /* Build configuration list for PBXProject "Pomodoro" */;
			compatibilityVersion = "Xcode 13.0";
			developmentRegion = en;
			hasScannedForEncodings = 0;
			knownRegions = (
				en,
				Base,
			);
			mainGroup = 2CC404B9275D5076003FFD09;
			productRefGroup = 2CC404C7275D507E003FFD09 /* Products */;
			projectDirPath = "";
			projectRoot = "";
			targets = (
				2CC404C5275D507E003FFD09 /* Pomodoro (iOS) */,
				2CC404CB275D507F003FFD09 /* Pomodoro (macOS) */,
				2CC404DE275D5121003FFD09 /* Pomodoro */,
				2CC404E6275D512A003FFD09 /* Pomodoro WatchKit Extension */,
			);
		};
/* End PBXProject section */

/* Begin PBXResourcesBuildPhase section */
		2CC404C4275D507E003FFD09 /* Resources */ = {
			isa = PBXResourcesBuildPhase;
			buildActionMask = 2147483647;
			files = (
				2CC404D3275D507F003FFD09 /* Assets.xcassets in Resources */,
			);
			runOnlyForDeploymentPostprocessing = 0;
		};
		2CC404CA275D507F003FFD09 /* Resources */ = {
			isa = PBXResourcesBuildPhase;
			buildActionMask = 2147483647;
			files = (
				2CC404D4275D507F003FFD09 /* Assets.xcassets in Resources */,
			);
			runOnlyForDeploymentPostprocessing = 0;
		};
		2CC404DD275D5121003FFD09 /* Resources */ = {
			isa = PBXResourcesBuildPhase;
			buildActionMask = 2147483647;
			files = (
				2CC40509275D5202003FFD09 /* Assets.xcassets in Resources */,
			);
			runOnlyForDeploymentPostprocessing = 0;
		};
		2CC404E5275D512A003FFD09 /* Resources */ = {
			isa = PBXResourcesBuildPhase;
			buildActionMask = 2147483647;
			files = (
				2CC404FA275D5131003FFD09 /* Preview Assets.xcassets in Resources */,
				2CC404F7275D5131003FFD09 /* Assets.xcassets in Resources */,
			);
			runOnlyForDeploymentPostprocessing = 0;
		};
/* End PBXResourcesBuildPhase section */

/* Begin PBXSourcesBuildPhase section */
		2CC404C2275D507E003FFD09 /* Sources */ = {
			isa = PBXSourcesBuildPhase;
			buildActionMask = 2147483647;
			files = (
				2CDAA592275EB1D9006EA58C /* Chronos.swift in Sources */,
				2CC404D1275D507F003FFD09 /* ContentView.swift in Sources */,
				2CC404CF275D507F003FFD09 /* PomodoroApp.swift in Sources */,
			);
			runOnlyForDeploymentPostprocessing = 0;
		};
		2CC404C8275D507F003FFD09 /* Sources */ = {
			isa = PBXSourcesBuildPhase;
			buildActionMask = 2147483647;
			files = (
				2CC404D2275D507F003FFD09 /* ContentView.swift in Sources */,
				2CC404D0275D507F003FFD09 /* PomodoroApp.swift in Sources */,
			);
			runOnlyForDeploymentPostprocessing = 0;
		};
		2CC404E3275D512A003FFD09 /* Sources */ = {
			isa = PBXSourcesBuildPhase;
			buildActionMask = 2147483647;
			files = (
				2CC4050A275D5464003FFD09 /* PomodoroApp.swift in Sources */,
				2CC4050B275D5475003FFD09 /* ContentView.swift in Sources */,
				2CDAA593275EB1D9006EA58C /* Chronos.swift in Sources */,
				2CC404F1275D512A003FFD09 /* NotificationController.swift in Sources */,
				2CC404F5275D512A003FFD09 /* ComplicationController.swift in Sources */,
				2CC404F3275D512A003FFD09 /* NotificationView.swift in Sources */,
			);
			runOnlyForDeploymentPostprocessing = 0;
		};
/* End PBXSourcesBuildPhase section */

/* Begin PBXTargetDependency section */
		2CC404EA275D512A003FFD09 /* PBXTargetDependency */ = {
			isa = PBXTargetDependency;
			target = 2CC404E6275D512A003FFD09 /* Pomodoro WatchKit Extension */;
			targetProxy = 2CC404E9275D512A003FFD09 /* PBXContainerItemProxy */;
		};
		2CC404FE275D5131003FFD09 /* PBXTargetDependency */ = {
			isa = PBXTargetDependency;
			target = 2CC404DE275D5121003FFD09 /* Pomodoro */;
			targetProxy = 2CC404FD275D5131003FFD09 /* PBXContainerItemProxy */;
		};
/* End PBXTargetDependency section */

/* Begin XCBuildConfiguration section */
		2CC404D5275D507F003FFD09 /* Debug */ = {
			isa = XCBuildConfiguration;
			buildSettings = {
				ALWAYS_SEARCH_USER_PATHS = NO;
				CLANG_ANALYZER_NONNULL = YES;
				CLANG_ANALYZER_NUMBER_OBJECT_CONVERSION = YES_AGGRESSIVE;
				CLANG_CXX_LANGUAGE_STANDARD = "gnu++17";
				CLANG_CXX_LIBRARY = "libc++";
				CLANG_ENABLE_MODULES = YES;
				CLANG_ENABLE_OBJC_ARC = YES;
				CLANG_ENABLE_OBJC_WEAK = YES;
				CLANG_WARN_BLOCK_CAPTURE_AUTORELEASING = YES;
				CLANG_WARN_BOOL_CONVERSION = YES;
				CLANG_WARN_COMMA = YES;
				CLANG_WARN_CONSTANT_CONVERSION = YES;
				CLANG_WARN_DEPRECATED_OBJC_IMPLEMENTATIONS = YES;
				CLANG_WARN_DIRECT_OBJC_ISA_USAGE = YES_ERROR;
				CLANG_WARN_DOCUMENTATION_COMMENTS = YES;
				CLANG_WARN_EMPTY_BODY = YES;
				CLANG_WARN_ENUM_CONVERSION = YES;
				CLANG_WARN_INFINITE_RECURSION = YES;
				CLANG_WARN_INT_CONVERSION = YES;
				CLANG_WARN_NON_LITERAL_NULL_CONVERSION = YES;
				CLANG_WARN_OBJC_IMPLICIT_RETAIN_SELF = YES;
				CLANG_WARN_OBJC_LITERAL_CONVERSION = YES;
				CLANG_WARN_OBJC_ROOT_CLASS = YES_ERROR;
				CLANG_WARN_QUOTED_INCLUDE_IN_FRAMEWORK_HEADER = YES;
				CLANG_WARN_RANGE_LOOP_ANALYSIS = YES;
				CLANG_WARN_STRICT_PROTOTYPES = YES;
				CLANG_WARN_SUSPICIOUS_MOVE = YES;
				CLANG_WARN_UNGUARDED_AVAILABILITY = YES_AGGRESSIVE;
				CLANG_WARN_UNREACHABLE_CODE = YES;
				CLANG_WARN__DUPLICATE_METHOD_MATCH = YES;
				COPY_PHASE_STRIP = NO;
				DEBUG_INFORMATION_FORMAT = dwarf;
				ENABLE_STRICT_OBJC_MSGSEND = YES;
				ENABLE_TESTABILITY = YES;
				GCC_C_LANGUAGE_STANDARD = gnu11;
				GCC_DYNAMIC_NO_PIC = NO;
				GCC_NO_COMMON_BLOCKS = YES;
				GCC_OPTIMIZATION_LEVEL = 0;
				GCC_PREPROCESSOR_DEFINITIONS = (
					"DEBUG=1",
					"$(inherited)",
				);
				GCC_WARN_64_TO_32_BIT_CONVERSION = YES;
				GCC_WARN_ABOUT_RETURN_TYPE = YES_ERROR;
				GCC_WARN_UNDECLARED_SELECTOR = YES;
				GCC_WARN_UNINITIALIZED_AUTOS = YES_AGGRESSIVE;
				GCC_WARN_UNUSED_FUNCTION = YES;
				GCC_WARN_UNUSED_VARIABLE = YES;
				MTL_ENABLE_DEBUG_INFO = INCLUDE_SOURCE;
				MTL_FAST_MATH = YES;
				ONLY_ACTIVE_ARCH = YES;
				SWIFT_ACTIVE_COMPILATION_CONDITIONS = DEBUG;
				SWIFT_OPTIMIZATION_LEVEL = "-Onone";
			};
			name = Debug;
		};
		2CC404D6275D507F003FFD09 /* Release */ = {
			isa = XCBuildConfiguration;
			buildSettings = {
				ALWAYS_SEARCH_USER_PATHS = NO;
				CLANG_ANALYZER_NONNULL = YES;
				CLANG_ANALYZER_NUMBER_OBJECT_CONVERSION = YES_AGGRESSIVE;
				CLANG_CXX_LANGUAGE_STANDARD = "gnu++17";
				CLANG_CXX_LIBRARY = "libc++";
				CLANG_ENABLE_MODULES = YES;
				CLANG_ENABLE_OBJC_ARC = YES;
				CLANG_ENABLE_OBJC_WEAK = YES;
				CLANG_WARN_BLOCK_CAPTURE_AUTORELEASING = YES;
				CLANG_WARN_BOOL_CONVERSION = YES;
				CLANG_WARN_COMMA = YES;
				CLANG_WARN_CONSTANT_CONVERSION = YES;
				CLANG_WARN_DEPRECATED_OBJC_IMPLEMENTATIONS = YES;
				CLANG_WARN_DIRECT_OBJC_ISA_USAGE = YES_ERROR;
				CLANG_WARN_DOCUMENTATION_COMMENTS = YES;
				CLANG_WARN_EMPTY_BODY = YES;
				CLANG_WARN_ENUM_CONVERSION = YES;
				CLANG_WARN_INFINITE_RECURSION = YES;
				CLANG_WARN_INT_CONVERSION = YES;
				CLANG_WARN_NON_LITERAL_NULL_CONVERSION = YES;
				CLANG_WARN_OBJC_IMPLICIT_RETAIN_SELF = YES;
				CLANG_WARN_OBJC_LITERAL_CONVERSION = YES;
				CLANG_WARN_OBJC_ROOT_CLASS = YES_ERROR;
				CLANG_WARN_QUOTED_INCLUDE_IN_FRAMEWORK_HEADER = YES;
				CLANG_WARN_RANGE_LOOP_ANALYSIS = YES;
				CLANG_WARN_STRICT_PROTOTYPES = YES;
				CLANG_WARN_SUSPICIOUS_MOVE = YES;
				CLANG_WARN_UNGUARDED_AVAILABILITY = YES_AGGRESSIVE;
				CLANG_WARN_UNREACHABLE_CODE = YES;
				CLANG_WARN__DUPLICATE_METHOD_MATCH = YES;
				COPY_PHASE_STRIP = NO;
				DEBUG_INFORMATION_FORMAT = "dwarf-with-dsym";
				ENABLE_NS_ASSERTIONS = NO;
				ENABLE_STRICT_OBJC_MSGSEND = YES;
				GCC_C_LANGUAGE_STANDARD = gnu11;
				GCC_NO_COMMON_BLOCKS = YES;
				GCC_WARN_64_TO_32_BIT_CONVERSION = YES;
				GCC_WARN_ABOUT_RETURN_TYPE = YES_ERROR;
				GCC_WARN_UNDECLARED_SELECTOR = YES;
				GCC_WARN_UNINITIALIZED_AUTOS = YES_AGGRESSIVE;
				GCC_WARN_UNUSED_FUNCTION = YES;
				GCC_WARN_UNUSED_VARIABLE = YES;
				MTL_ENABLE_DEBUG_INFO = NO;
				MTL_FAST_MATH = YES;
				SWIFT_COMPILATION_MODE = wholemodule;
				SWIFT_OPTIMIZATION_LEVEL = "-O";
			};
			name = Release;
		};
		2CC404D8275D507F003FFD09 /* Debug */ = {
			isa = XCBuildConfiguration;
			buildSettings = {
				ASSETCATALOG_COMPILER_APPICON_NAME = AppIcon;
				ASSETCATALOG_COMPILER_GLOBAL_ACCENT_COLOR_NAME = AccentColor;
				CODE_SIGN_STYLE = Automatic;
				CURRENT_PROJECT_VERSION = 1;
				DEVELOPMENT_TEAM = DXUKH9VF73;
				ENABLE_PREVIEWS = YES;
				GENERATE_INFOPLIST_FILE = YES;
				INFOPLIST_KEY_UIApplicationSceneManifest_Generation = YES;
				INFOPLIST_KEY_UIApplicationSupportsIndirectInputEvents = YES;
				INFOPLIST_KEY_UILaunchScreen_Generation = YES;
				INFOPLIST_KEY_UISupportedInterfaceOrientations_iPad = "UIInterfaceOrientationPortrait UIInterfaceOrientationPortraitUpsideDown UIInterfaceOrientationLandscapeLeft UIInterfaceOrientationLandscapeRight";
				INFOPLIST_KEY_UISupportedInterfaceOrientations_iPhone = "UIInterfaceOrientationPortrait UIInterfaceOrientationLandscapeLeft UIInterfaceOrientationLandscapeRight";
				IPHONEOS_DEPLOYMENT_TARGET = 15.0;
				LD_RUNPATH_SEARCH_PATHS = (
					"$(inherited)",
					"@executable_path/Frameworks",
				);
				MARKETING_VERSION = 1.0;
				PRODUCT_BUNDLE_IDENTIFIER = io.kamaal.Pomodoro;
				PRODUCT_NAME = Pomodoro;
				SDKROOT = iphoneos;
				SWIFT_EMIT_LOC_STRINGS = YES;
				SWIFT_VERSION = 5.0;
				TARGETED_DEVICE_FAMILY = "1,2";
			};
			name = Debug;
		};
		2CC404D9275D507F003FFD09 /* Release */ = {
			isa = XCBuildConfiguration;
			buildSettings = {
				ASSETCATALOG_COMPILER_APPICON_NAME = AppIcon;
				ASSETCATALOG_COMPILER_GLOBAL_ACCENT_COLOR_NAME = AccentColor;
				CODE_SIGN_STYLE = Automatic;
				CURRENT_PROJECT_VERSION = 1;
				DEVELOPMENT_TEAM = DXUKH9VF73;
				ENABLE_PREVIEWS = YES;
				GENERATE_INFOPLIST_FILE = YES;
				INFOPLIST_KEY_UIApplicationSceneManifest_Generation = YES;
				INFOPLIST_KEY_UIApplicationSupportsIndirectInputEvents = YES;
				INFOPLIST_KEY_UILaunchScreen_Generation = YES;
				INFOPLIST_KEY_UISupportedInterfaceOrientations_iPad = "UIInterfaceOrientationPortrait UIInterfaceOrientationPortraitUpsideDown UIInterfaceOrientationLandscapeLeft UIInterfaceOrientationLandscapeRight";
				INFOPLIST_KEY_UISupportedInterfaceOrientations_iPhone = "UIInterfaceOrientationPortrait UIInterfaceOrientationLandscapeLeft UIInterfaceOrientationLandscapeRight";
				IPHONEOS_DEPLOYMENT_TARGET = 15.0;
				LD_RUNPATH_SEARCH_PATHS = (
					"$(inherited)",
					"@executable_path/Frameworks",
				);
				MARKETING_VERSION = 1.0;
				PRODUCT_BUNDLE_IDENTIFIER = io.kamaal.Pomodoro;
				PRODUCT_NAME = Pomodoro;
				SDKROOT = iphoneos;
				SWIFT_EMIT_LOC_STRINGS = YES;
				SWIFT_VERSION = 5.0;
				TARGETED_DEVICE_FAMILY = "1,2";
				VALIDATE_PRODUCT = YES;
			};
			name = Release;
		};
		2CC404DB275D507F003FFD09 /* Debug */ = {
			isa = XCBuildConfiguration;
			buildSettings = {
				ASSETCATALOG_COMPILER_APPICON_NAME = AppIcon;
				ASSETCATALOG_COMPILER_GLOBAL_ACCENT_COLOR_NAME = AccentColor;
				CODE_SIGN_ENTITLEMENTS = Targets/macOS/macOS.entitlements;
				CODE_SIGN_STYLE = Automatic;
				COMBINE_HIDPI_IMAGES = YES;
				CURRENT_PROJECT_VERSION = 1;
				DEVELOPMENT_TEAM = DXUKH9VF73;
				ENABLE_HARDENED_RUNTIME = YES;
				ENABLE_PREVIEWS = YES;
				GENERATE_INFOPLIST_FILE = YES;
				INFOPLIST_KEY_NSHumanReadableCopyright = "";
				LD_RUNPATH_SEARCH_PATHS = (
					"$(inherited)",
					"@executable_path/../Frameworks",
				);
				MACOSX_DEPLOYMENT_TARGET = 12.0;
				MARKETING_VERSION = 1.0;
				PRODUCT_BUNDLE_IDENTIFIER = io.kamaal.Pomodoro;
				PRODUCT_NAME = Pomodoro;
				SDKROOT = macosx;
				SWIFT_EMIT_LOC_STRINGS = YES;
				SWIFT_VERSION = 5.0;
			};
			name = Debug;
		};
		2CC404DC275D507F003FFD09 /* Release */ = {
			isa = XCBuildConfiguration;
			buildSettings = {
				ASSETCATALOG_COMPILER_APPICON_NAME = AppIcon;
				ASSETCATALOG_COMPILER_GLOBAL_ACCENT_COLOR_NAME = AccentColor;
				CODE_SIGN_ENTITLEMENTS = Targets/macOS/macOS.entitlements;
				CODE_SIGN_STYLE = Automatic;
				COMBINE_HIDPI_IMAGES = YES;
				CURRENT_PROJECT_VERSION = 1;
				DEVELOPMENT_TEAM = DXUKH9VF73;
				ENABLE_HARDENED_RUNTIME = YES;
				ENABLE_PREVIEWS = YES;
				GENERATE_INFOPLIST_FILE = YES;
				INFOPLIST_KEY_NSHumanReadableCopyright = "";
				LD_RUNPATH_SEARCH_PATHS = (
					"$(inherited)",
					"@executable_path/../Frameworks",
				);
				MACOSX_DEPLOYMENT_TARGET = 12.0;
				MARKETING_VERSION = 1.0;
				PRODUCT_BUNDLE_IDENTIFIER = io.kamaal.Pomodoro;
				PRODUCT_NAME = Pomodoro;
				SDKROOT = macosx;
				SWIFT_EMIT_LOC_STRINGS = YES;
				SWIFT_VERSION = 5.0;
			};
			name = Release;
		};
		2CC40501275D5131003FFD09 /* Debug */ = {
			isa = XCBuildConfiguration;
			buildSettings = {
				ASSETCATALOG_COMPILER_COMPLICATION_NAME = Complication;
				CODE_SIGN_STYLE = Automatic;
				CURRENT_PROJECT_VERSION = 1;
				DEVELOPMENT_ASSET_PATHS = "\"Shared/Preview Content\"";
				DEVELOPMENT_TEAM = DXUKH9VF73;
				ENABLE_PREVIEWS = YES;
				GENERATE_INFOPLIST_FILE = YES;
				INFOPLIST_FILE = Targets/Extensions/WatchKit/Info.plist;
				INFOPLIST_KEY_CFBundleDisplayName = "Pomodoro WatchKit Extension";
				INFOPLIST_KEY_CLKComplicationPrincipalClass = "$(PRODUCT_MODULE_NAME).ComplicationController";
				INFOPLIST_KEY_NSHumanReadableCopyright = "";
				LD_RUNPATH_SEARCH_PATHS = (
					"$(inherited)",
					"@executable_path/Frameworks",
					"@executable_path/../../Frameworks",
				);
				MARKETING_VERSION = 1.0;
				PRODUCT_BUNDLE_IDENTIFIER = io.kamaal.Pomodoro.watchkitapp.watchkitextension;
				PRODUCT_NAME = "${TARGET_NAME}";
				SDKROOT = watchos;
				SKIP_INSTALL = YES;
				SWIFT_EMIT_LOC_STRINGS = YES;
				SWIFT_VERSION = 5.0;
				TARGETED_DEVICE_FAMILY = 4;
				WATCHOS_DEPLOYMENT_TARGET = 8.0;
			};
			name = Debug;
		};
		2CC40502275D5131003FFD09 /* Release */ = {
			isa = XCBuildConfiguration;
			buildSettings = {
				ASSETCATALOG_COMPILER_COMPLICATION_NAME = Complication;
				CODE_SIGN_STYLE = Automatic;
				CURRENT_PROJECT_VERSION = 1;
				DEVELOPMENT_ASSET_PATHS = "\"Shared/Preview Content\"";
				DEVELOPMENT_TEAM = DXUKH9VF73;
				ENABLE_PREVIEWS = YES;
				GENERATE_INFOPLIST_FILE = YES;
				INFOPLIST_FILE = Targets/Extensions/WatchKit/Info.plist;
				INFOPLIST_KEY_CFBundleDisplayName = "Pomodoro WatchKit Extension";
				INFOPLIST_KEY_CLKComplicationPrincipalClass = "$(PRODUCT_MODULE_NAME).ComplicationController";
				INFOPLIST_KEY_NSHumanReadableCopyright = "";
				LD_RUNPATH_SEARCH_PATHS = (
					"$(inherited)",
					"@executable_path/Frameworks",
					"@executable_path/../../Frameworks",
				);
				MARKETING_VERSION = 1.0;
				PRODUCT_BUNDLE_IDENTIFIER = io.kamaal.Pomodoro.watchkitapp.watchkitextension;
				PRODUCT_NAME = "${TARGET_NAME}";
				SDKROOT = watchos;
				SKIP_INSTALL = YES;
				SWIFT_EMIT_LOC_STRINGS = YES;
				SWIFT_VERSION = 5.0;
				TARGETED_DEVICE_FAMILY = 4;
				VALIDATE_PRODUCT = YES;
				WATCHOS_DEPLOYMENT_TARGET = 8.0;
			};
			name = Release;
		};
		2CC40505275D5131003FFD09 /* Debug */ = {
			isa = XCBuildConfiguration;
			buildSettings = {
				ALWAYS_EMBED_SWIFT_STANDARD_LIBRARIES = YES;
				ASSETCATALOG_COMPILER_APPICON_NAME = AppIcon;
				ASSETCATALOG_COMPILER_GLOBAL_ACCENT_COLOR_NAME = AccentColor;
				CODE_SIGN_STYLE = Automatic;
				CURRENT_PROJECT_VERSION = 1;
				DEVELOPMENT_TEAM = DXUKH9VF73;
				GENERATE_INFOPLIST_FILE = YES;
				IBSC_MODULE = Pomodoro_WatchKit_Extension;
				INFOPLIST_KEY_CFBundleDisplayName = Pomodoro;
				INFOPLIST_KEY_UISupportedInterfaceOrientations = "UIInterfaceOrientationPortrait UIInterfaceOrientationPortraitUpsideDown";
				INFOPLIST_KEY_WKCompanionAppBundleIdentifier = io.kamaal.Pomodoro;
				MARKETING_VERSION = 1.0;
				PRODUCT_BUNDLE_IDENTIFIER = io.kamaal.Pomodoro.watchkitapp;
				PRODUCT_NAME = "$(TARGET_NAME)";
				SDKROOT = watchos;
				SKIP_INSTALL = YES;
				SWIFT_EMIT_LOC_STRINGS = YES;
				SWIFT_VERSION = 5.0;
				TARGETED_DEVICE_FAMILY = 4;
				WATCHOS_DEPLOYMENT_TARGET = 8.0;
			};
			name = Debug;
		};
		2CC40506275D5131003FFD09 /* Release */ = {
			isa = XCBuildConfiguration;
			buildSettings = {
				ALWAYS_EMBED_SWIFT_STANDARD_LIBRARIES = YES;
				ASSETCATALOG_COMPILER_APPICON_NAME = AppIcon;
				ASSETCATALOG_COMPILER_GLOBAL_ACCENT_COLOR_NAME = AccentColor;
				CODE_SIGN_STYLE = Automatic;
				CURRENT_PROJECT_VERSION = 1;
				DEVELOPMENT_TEAM = DXUKH9VF73;
				GENERATE_INFOPLIST_FILE = YES;
				IBSC_MODULE = Pomodoro_WatchKit_Extension;
				INFOPLIST_KEY_CFBundleDisplayName = Pomodoro;
				INFOPLIST_KEY_UISupportedInterfaceOrientations = "UIInterfaceOrientationPortrait UIInterfaceOrientationPortraitUpsideDown";
				INFOPLIST_KEY_WKCompanionAppBundleIdentifier = io.kamaal.Pomodoro;
				MARKETING_VERSION = 1.0;
				PRODUCT_BUNDLE_IDENTIFIER = io.kamaal.Pomodoro.watchkitapp;
				PRODUCT_NAME = "$(TARGET_NAME)";
				SDKROOT = watchos;
				SKIP_INSTALL = YES;
				SWIFT_EMIT_LOC_STRINGS = YES;
				SWIFT_VERSION = 5.0;
				TARGETED_DEVICE_FAMILY = 4;
				VALIDATE_PRODUCT = YES;
				WATCHOS_DEPLOYMENT_TARGET = 8.0;
			};
			name = Release;
		};
/* End XCBuildConfiguration section */

/* Begin XCConfigurationList section */
		2CC404BD275D5076003FFD09 /* Build configuration list for PBXProject "Pomodoro" */ = {
			isa = XCConfigurationList;
			buildConfigurations = (
				2CC404D5275D507F003FFD09 /* Debug */,
				2CC404D6275D507F003FFD09 /* Release */,
			);
			defaultConfigurationIsVisible = 0;
			defaultConfigurationName = Release;
		};
		2CC404D7275D507F003FFD09 /* Build configuration list for PBXNativeTarget "Pomodoro (iOS)" */ = {
			isa = XCConfigurationList;
			buildConfigurations = (
				2CC404D8275D507F003FFD09 /* Debug */,
				2CC404D9275D507F003FFD09 /* Release */,
			);
			defaultConfigurationIsVisible = 0;
			defaultConfigurationName = Release;
		};
		2CC404DA275D507F003FFD09 /* Build configuration list for PBXNativeTarget "Pomodoro (macOS)" */ = {
			isa = XCConfigurationList;
			buildConfigurations = (
				2CC404DB275D507F003FFD09 /* Debug */,
				2CC404DC275D507F003FFD09 /* Release */,
			);
			defaultConfigurationIsVisible = 0;
			defaultConfigurationName = Release;
		};
		2CC40500275D5131003FFD09 /* Build configuration list for PBXNativeTarget "Pomodoro WatchKit Extension" */ = {
			isa = XCConfigurationList;
			buildConfigurations = (
				2CC40501275D5131003FFD09 /* Debug */,
				2CC40502275D5131003FFD09 /* Release */,
			);
			defaultConfigurationIsVisible = 0;
			defaultConfigurationName = Release;
		};
		2CC40504275D5131003FFD09 /* Build configuration list for PBXNativeTarget "Pomodoro" */ = {
			isa = XCConfigurationList;
			buildConfigurations = (
				2CC40505275D5131003FFD09 /* Debug */,
				2CC40506275D5131003FFD09 /* Release */,
			);
			defaultConfigurationIsVisible = 0;
			defaultConfigurationName = Release;
		};
/* End XCConfigurationList section */
	};
	rootObject = 2CC404BA275D5076003FFD09 /* Project object */;
}
